
Microsoft Visual Studio Solution File, Format Version 12.00
# Visual Studio Version 17
VisualStudioVersion = 17.4.33110.190
MinimumVisualStudioVersion = 10.0.40219.1
Project("{FAE04EC0-301F-11D3-BF4B-00C04F79EFBC}") = "UC1_CreateStacks", "UC1_CreateStacks.csproj", "{757BBDE3-E542-48B4-AC85-A51E3B046410}"
EndProject
Global
	GlobalSection(SolutionConfigurationPlatforms) = preSolution
		Debug|Any CPU = Debug|Any CPU
		Release|Any CPU = Release|Any CPU
	EndGlobalSection
	GlobalSection(ProjectConfigurationPlatforms) = postSolution
		{757BBDE3-E542-48B4-AC85-A51E3B046410}.Debug|Any CPU.ActiveCfg = Debug|Any CPU
		{757BBDE3-E542-48B4-AC85-A51E3B046410}.Debug|Any CPU.Build.0 = Debug|Any CPU
		{757BBDE3-E542-48B4-AC85-A51E3B046410}.Release|Any CPU.ActiveCfg = Release|Any CPU
		{757BBDE3-E542-48B4-AC85-A51E3B046410}.Release|Any CPU.Build.0 = Release|Any CPU
	EndGlobalSection
	GlobalSection(SolutionProperties) = preSolution
		HideSolutionNode = FALSE
	EndGlobalSection
	GlobalSection(ExtensibilityGlobals) = postSolution
		SolutionGuid = {B2CC19D7-D6BD-47D5-8C37-8725B992ADE3}
	EndGlobalSection
EndGlobal
